{
  "name": "animalcrossingpedia",
  "version": "1.0.0",
  "lockfileVersion": 1,
  "requires": true,
  "dependencies": {
    "date-and-time": {
      "version": "0.13.1",
      "resolved": "https://registry.npmjs.org/date-and-time/-/date-and-time-0.13.1.tgz",
      "integrity": "sha512-/Uge9DJAT+s+oAcDxtBhyR8+sKjUnZbYmyhbmWjTHNtX7B7oWD8YyYdeXcBRbwSj6hVvj+IQegJam7m7czhbFw=="
    },
    "geolocator": {
      "version": "2.1.5",
      "resolved": "https://registry.npmjs.org/geolocator/-/geolocator-2.1.5.tgz",
      "integrity": "sha512-8iwVj5e5hri5cI0qYBDV1/y9GoazcxxW1/etx5qBxq7GZ1+emsmg26CLeNG32jPWSoDphug45IlBMX3IPrC7MA=="
    },
    "local-storage": {
      "version": "2.0.0",
      "resolved": "https://registry.npmjs.org/local-storage/-/local-storage-2.0.0.tgz",
      "integrity": "sha512-/0sRoeijw7yr/igbVVygDuq6dlYCmtsuTmmpnweVlVtl/s10pf5BCq8LWBxW/AMyFJ3MhMUuggMZiYlx6qr9tw=="
    }
  }
}
